Microsoft Visual Studio Solution File, Format Version 8.00
Project("{8BC9CEB8-8B4A-11D0-8D11-00A0C91BC942}") = "GoogleDesktopComponentCommon", "common\GoogleDesktopComponentCommon.vcproj", "{5A0D55C3-7C2A-4B61-8F28-6B757052788F}"
	ProjectSection(ProjectDependencies) = postProject
	EndProjectSection
EndProject
Project("{8BC9CEB8-8B4A-11D0-8D11-00A0C91BC942}") = "GDCMatroska", "GDCMatroska\GDCMatroska.vcproj", "{D850DCDA-78AD-42C1-BF71-B5995900BCA9}"
	ProjectSection(ProjectDependencies) = postProject
		{5A0D55C3-7C2A-4B61-8F28-6B757052788F} = {5A0D55C3-7C2A-4B61-8F28-6B757052788F}
	EndProjectSection
EndProject
Project("{54435603-DBB4-11D2-8724-00A0C9A8B90C}") = "GDCMatroska-Setup", "GDCMatroska-Setup\GDCMatroska-Setup.vdproj", "{79B454A7-63FC-4774-9EF1-A823D2CC0DB9}"
	ProjectSection(ProjectDependencies) = postProject
	EndProjectSection
EndProject
Global
	GlobalSection(SolutionConfiguration) = preSolution
		Debug = Debug
		Release = Release
	EndGlobalSection
	GlobalSection(ProjectConfiguration) = postSolution
		{5A0D55C3-7C2A-4B61-8F28-6B757052788F}.Debug.ActiveCfg = Debug|Win32
		{5A0D55C3-7C2A-4B61-8F28-6B757052788F}.Debug.Build.0 = Debug|Win32
		{5A0D55C3-7C2A-4B61-8F28-6B757052788F}.Release.ActiveCfg = Release|Win32
		{5A0D55C3-7C2A-4B61-8F28-6B757052788F}.Release.Build.0 = Release|Win32
		{D850DCDA-78AD-42C1-BF71-B5995900BCA9}.Debug.ActiveCfg = Debug|Win32
		{D850DCDA-78AD-42C1-BF71-B5995900BCA9}.Debug.Build.0 = Debug|Win32
		{D850DCDA-78AD-42C1-BF71-B5995900BCA9}.Release.ActiveCfg = Release|Win32
		{D850DCDA-78AD-42C1-BF71-B5995900BCA9}.Release.Build.0 = Release|Win32
		{79B454A7-63FC-4774-9EF1-A823D2CC0DB9}.Debug.ActiveCfg = Debug
		{79B454A7-63FC-4774-9EF1-A823D2CC0DB9}.Release.ActiveCfg = Release
	EndGlobalSection
	GlobalSection(ExtensibilityGlobals) = postSolution
	EndGlobalSection
	GlobalSection(ExtensibilityAddIns) = postSolution
	EndGlobalSection
EndGlobal
